
Microsoft Visual Studio Solution File, Format Version 11.00
# Visual Basic Express 2010
Project("{F184B08F-C81C-45F6-A57F-5ABD9991F28F}") = "Sorteo", "Sorteo\Sorteo.vbproj", "{740175F3-AA6B-41D1-A5C9-D23E53FFE4DF}"
EndProject
Global
	GlobalSection(SolutionConfigurationPlatforms) = preSolution
		Debug|x86 = Debug|x86
		Release|x86 = Release|x86
	EndGlobalSection
	GlobalSection(ProjectConfigurationPlatforms) = postSolution
		{740175F3-AA6B-41D1-A5C9-D23E53FFE4DF}.Debug|x86.ActiveCfg = Debug|x86
		{740175F3-AA6B-41D1-A5C9-D23E53FFE4DF}.Debug|x86.Build.0 = Debug|x86
		{740175F3-AA6B-41D1-A5C9-D23E53FFE4DF}.Release|x86.ActiveCfg = Release|x86
		{740175F3-AA6B-41D1-A5C9-D23E53FFE4DF}.Release|x86.Build.0 = Release|x86
	EndGlobalSection
	GlobalSection(SolutionProperties) = preSolution
		HideSolutionNode = FALSE
	EndGlobalSection
EndGlobal
